
Microsoft Visual Studio Solution File, Format Version 12.00
# Visual Studio Version 17
VisualStudioVersion = 17.1.32421.90
MinimumVisualStudioVersion = 10.0.40219.1
Project("{FAE04EC0-301F-11D3-BF4B-00C04F79EFBC}") = "InventoryManagementSystem", "InventoryManagementSystem\InventoryManagementSystem.csproj", "{9559F1B9-E2AF-464D-8453-955D03C0CC8D}"
EndProject
Global
	GlobalSection(SolutionConfigurationPlatforms) = preSolution
		Debug|Any CPU = Debug|Any CPU
		Release|Any CPU = Release|Any CPU
	EndGlobalSection
	GlobalSection(ProjectConfigurationPlatforms) = postSolution
		{9559F1B9-E2AF-464D-8453-955D03C0CC8D}.Debug|Any CPU.ActiveCfg = Debug|Any CPU
		{9559F1B9-E2AF-464D-8453-955D03C0CC8D}.Debug|Any CPU.Build.0 = Debug|Any CPU
		{9559F1B9-E2AF-464D-8453-955D03C0CC8D}.Release|Any CPU.ActiveCfg = Release|Any CPU
		{9559F1B9-E2AF-464D-8453-955D03C0CC8D}.Release|Any CPU.Build.0 = Release|Any CPU
	EndGlobalSection
	GlobalSection(SolutionProperties) = preSolution
		HideSolutionNode = FALSE
	EndGlobalSection
	GlobalSection(ExtensibilityGlobals) = postSolution
		SolutionGuid = {BF6166ED-8DEF-4B70-8EB3-EF9F40398F30}
	EndGlobalSection
EndGlobal
